
Microsoft Visual Studio Solution File, Format Version 12.00
# Visual Studio Version 16
VisualStudioVersion = 16.0.29920.165
MinimumVisualStudioVersion = 10.0.40219.1
Project("{9A19103F-16F7-4668-BE54-9A1E7A4F7556}") = "Linkedout.Presentation.Api", "Linkedout\Linkedout.Presentation.Api.csproj", "{9F661B6F-76E4-4EEE-8173-FF5BEB43D90D}"
EndProject
Project("{2150E333-8FDC-42A3-9474-1A3956D46DE8}") = "Domain", "Domain", "{A6BBD68A-608A-46C2-B8FE-60B382FC250F}"
EndProject
Project("{2150E333-8FDC-42A3-9474-1A3956D46DE8}") = "Application", "Application", "{820BF29C-11AC-4370-AAA8-0A8FDCEF11EA}"
EndProject
Project("{2150E333-8FDC-42A3-9474-1A3956D46DE8}") = "Infrastructure", "Infrastructure", "{504E4079-08E7-4814-A266-8818B5CABEEC}"
EndProject
Project("{2150E333-8FDC-42A3-9474-1A3956D46DE8}") = "Presentation", "Presentation", "{4144B560-5D87-4C9D-A247-56E4980D851C}"
EndProject
Project("{FAE04EC0-301F-11D3-BF4B-00C04F79EFBC}") = "Linkedout.Domain", "Linkedout.Domain\Linkedout.Domain.csproj", "{BDC3DFE2-B30E-4BC5-9DC9-ADC4FDEDEBD2}"
EndProject
Project("{FAE04EC0-301F-11D3-BF4B-00C04F79EFBC}") = "Linkedout.Infrastructure", "Linkedout.Infrastructure\Linkedout.Infrastructure.csproj", "{3641768C-8B29-4BBA-93D9-4111A8EFBA9F}"
EndProject
Global
	GlobalSection(SolutionConfigurationPlatforms) = preSolution
		Debug|Any CPU = Debug|Any CPU
		Release|Any CPU = Release|Any CPU
	EndGlobalSection
	GlobalSection(ProjectConfigurationPlatforms) = postSolution
		{9F661B6F-76E4-4EEE-8173-FF5BEB43D90D}.Debug|Any CPU.ActiveCfg = Debug|Any CPU
		{9F661B6F-76E4-4EEE-8173-FF5BEB43D90D}.Debug|Any CPU.Build.0 = Debug|Any CPU
		{9F661B6F-76E4-4EEE-8173-FF5BEB43D90D}.Release|Any CPU.ActiveCfg = Release|Any CPU
		{9F661B6F-76E4-4EEE-8173-FF5BEB43D90D}.Release|Any CPU.Build.0 = Release|Any CPU
		{BDC3DFE2-B30E-4BC5-9DC9-ADC4FDEDEBD2}.Debug|Any CPU.ActiveCfg = Debug|Any CPU
		{BDC3DFE2-B30E-4BC5-9DC9-ADC4FDEDEBD2}.Debug|Any CPU.Build.0 = Debug|Any CPU
		{BDC3DFE2-B30E-4BC5-9DC9-ADC4FDEDEBD2}.Release|Any CPU.ActiveCfg = Release|Any CPU
		{BDC3DFE2-B30E-4BC5-9DC9-ADC4FDEDEBD2}.Release|Any CPU.Build.0 = Release|Any CPU
		{3641768C-8B29-4BBA-93D9-4111A8EFBA9F}.Debug|Any CPU.ActiveCfg = Debug|Any CPU
		{3641768C-8B29-4BBA-93D9-4111A8EFBA9F}.Debug|Any CPU.Build.0 = Debug|Any CPU
		{3641768C-8B29-4BBA-93D9-4111A8EFBA9F}.Release|Any CPU.ActiveCfg = Release|Any CPU
		{3641768C-8B29-4BBA-93D9-4111A8EFBA9F}.Release|Any CPU.Build.0 = Release|Any CPU
	EndGlobalSection
	GlobalSection(SolutionProperties) = preSolution
		HideSolutionNode = FALSE
	EndGlobalSection
	GlobalSection(NestedProjects) = preSolution
		{9F661B6F-76E4-4EEE-8173-FF5BEB43D90D} = {4144B560-5D87-4C9D-A247-56E4980D851C}
		{BDC3DFE2-B30E-4BC5-9DC9-ADC4FDEDEBD2} = {A6BBD68A-608A-46C2-B8FE-60B382FC250F}
		{3641768C-8B29-4BBA-93D9-4111A8EFBA9F} = {504E4079-08E7-4814-A266-8818B5CABEEC}
	EndGlobalSection
	GlobalSection(ExtensibilityGlobals) = postSolution
		SolutionGuid = {3705AEAF-16A2-4C44-8C79-B0C907B496CB}
	EndGlobalSection
EndGlobal
